
Microsoft Visual Studio Solution File, Format Version 12.00
# Visual Studio 2013
VisualStudioVersion = 12.0.21005.1
MinimumVisualStudioVersion = 10.0.40219.1
Project("{FAE04EC0-301F-11D3-BF4B-00C04F79EFBC}") = "FlitBit.Registrar", "FlitBit.Registrar\FlitBit.Registrar.csproj", "{4817322F-9930-4B12-94A8-76B9C7FC79EE}"
EndProject
Project("{FAE04EC0-301F-11D3-BF4B-00C04F79EFBC}") = "FlitBit.Registrar.Tests", "FlitBit.Registrar\FlitBit.Registrar.Tests\FlitBit.Registrar.Tests.csproj", "{9E5F68EC-39E0-4396-B522-2CCC02981635}"
EndProject
Project("{2150E333-8FDC-42A3-9474-1A3956D46DE8}") = "Solution Items", "Solution Items", "{3133F1A1-FD9A-46CA-95D3-A13D50EB9181}"
	ProjectSection(SolutionItems) = preProject
		Version.targets = Version.targets
	EndProjectSection
EndProject
Global
	GlobalSection(SolutionConfigurationPlatforms) = preSolution
		Debug|Any CPU = Debug|Any CPU
		Release|Any CPU = Release|Any CPU
	EndGlobalSection
	GlobalSection(ProjectConfigurationPlatforms) = postSolution
		{4817322F-9930-4B12-94A8-76B9C7FC79EE}.Debug|Any CPU.ActiveCfg = Debug|Any CPU
		{4817322F-9930-4B12-94A8-76B9C7FC79EE}.Debug|Any CPU.Build.0 = Debug|Any CPU
		{4817322F-9930-4B12-94A8-76B9C7FC79EE}.Release|Any CPU.ActiveCfg = Release|Any CPU
		{4817322F-9930-4B12-94A8-76B9C7FC79EE}.Release|Any CPU.Build.0 = Release|Any CPU
		{9E5F68EC-39E0-4396-B522-2CCC02981635}.Debug|Any CPU.ActiveCfg = Debug|Any CPU
		{9E5F68EC-39E0-4396-B522-2CCC02981635}.Debug|Any CPU.Build.0 = Debug|Any CPU
		{9E5F68EC-39E0-4396-B522-2CCC02981635}.Release|Any CPU.ActiveCfg = Release|Any CPU
		{9E5F68EC-39E0-4396-B522-2CCC02981635}.Release|Any CPU.Build.0 = Release|Any CPU
	EndGlobalSection
	GlobalSection(SolutionProperties) = preSolution
		HideSolutionNode = FALSE
	EndGlobalSection
	GlobalSection(TestCaseManagementSettings) = postSolution
		CategoryFile = FlitBit.Registrar.vsmdi
	EndGlobalSection
EndGlobal
